Microsoft Visual Studio Solution File, Format Version 12.00
# Visual Studio Version 17
VisualStudioVersion = 17.5.2.0
MinimumVisualStudioVersion = 10.0.40219.1
Project("{FAE04EC0-301F-11D3-BF4B-00C04F79EFBC}") = "Eonet", "Eonet.csproj", "{270EB73B-5ACA-EE43-CD6F-A2724A896544}"
EndProject
Global
	GlobalSection(SolutionConfigurationPlatforms) = preSolution
		Debug|Any CPU = Debug|Any CPU
		Release|Any CPU = Release|Any CPU
	EndGlobalSection
	GlobalSection(ProjectConfigurationPlatforms) = postSolution
		{270EB73B-5ACA-EE43-CD6F-A2724A896544}.Debug|Any CPU.ActiveCfg = Debug|Any CPU
		{270EB73B-5ACA-EE43-CD6F-A2724A896544}.Debug|Any CPU.Build.0 = Debug|Any CPU
		{270EB73B-5ACA-EE43-CD6F-A2724A896544}.Release|Any CPU.ActiveCfg = Release|Any CPU
		{270EB73B-5ACA-EE43-CD6F-A2724A896544}.Release|Any CPU.Build.0 = Release|Any CPU
	EndGlobalSection
	GlobalSection(SolutionProperties) = preSolution
		HideSolutionNode = FALSE
	EndGlobalSection
	GlobalSection(ExtensibilityGlobals) = postSolution
		SolutionGuid = {9654CBFE-6167-4221-9265-7C5485898D4D}
	EndGlobalSection
EndGlobal
